
Microsoft Visual Studio Solution File, Format Version 12.00
# Visual Studio 15
VisualStudioVersion = 15.0.28307.489
MinimumVisualStudioVersion = 10.0.40219.1
Project("{FAE04EC0-301F-11D3-BF4B-00C04F79EFBC}") = "Identity.API", "Identity.API\Identity.API.csproj", "{49A18306-CC38-4C1F-99F7-A968D85C0494}"
EndProject
Project("{FAE04EC0-301F-11D3-BF4B-00C04F79EFBC}") = "Stock.API", "Stock.API\Stock.API.csproj", "{015D05B7-FD7D-47E8-AA2D-94C1B1E216C2}"
EndProject
Project("{2150E333-8FDC-42A3-9474-1A3956D46DE8}") = "BuildingBlocks", "BuildingBlocks", "{47AD379B-EBE2-4B94-9CBB-A3FD49ED9018}"
EndProject
Global
	GlobalSection(SolutionConfigurationPlatforms) = preSolution
		Debug|Any CPU = Debug|Any CPU
		Release|Any CPU = Release|Any CPU
	EndGlobalSection
	GlobalSection(ProjectConfigurationPlatforms) = postSolution
		{49A18306-CC38-4C1F-99F7-A968D85C0494}.Debug|Any CPU.ActiveCfg = Debug|Any CPU
		{49A18306-CC38-4C1F-99F7-A968D85C0494}.Debug|Any CPU.Build.0 = Debug|Any CPU
		{49A18306-CC38-4C1F-99F7-A968D85C0494}.Release|Any CPU.ActiveCfg = Release|Any CPU
		{49A18306-CC38-4C1F-99F7-A968D85C0494}.Release|Any CPU.Build.0 = Release|Any CPU
		{015D05B7-FD7D-47E8-AA2D-94C1B1E216C2}.Debug|Any CPU.ActiveCfg = Debug|Any CPU
		{015D05B7-FD7D-47E8-AA2D-94C1B1E216C2}.Debug|Any CPU.Build.0 = Debug|Any CPU
		{015D05B7-FD7D-47E8-AA2D-94C1B1E216C2}.Release|Any CPU.ActiveCfg = Release|Any CPU
		{015D05B7-FD7D-47E8-AA2D-94C1B1E216C2}.Release|Any CPU.Build.0 = Release|Any CPU
	EndGlobalSection
	GlobalSection(SolutionProperties) = preSolution
		HideSolutionNode = FALSE
	EndGlobalSection
	GlobalSection(ExtensibilityGlobals) = postSolution
		SolutionGuid = {6141E513-AD63-4D13-95FF-ED93206A8402}
	EndGlobalSection
EndGlobal
